// !$*UTF8*$!
{ archiveVersion = 1; classes = {}; objectVersion = 77; objects = {
A1 /* Project object */ = {isa = PBXProject; attributes = {LastSwiftUpdateCheck = 2600; LastUpgradeCheck = 2600;}; buildConfigurationList = C1; compatibilityVersion = "Xcode 16.0"; developmentRegion = en; hasScannedForEncodings = 0; knownRegions = (en, Base); mainGroup = G1; productRefGroup = G2; projectDirPath = ""; projectRoot = ""; targets = (T1);};
G1 = {isa = PBXGroup; children = (G3, G2); sourceTree = "<group>";};
G2 = {isa = PBXGroup; children = (P1); name = Products; sourceTree = "<group>";};
G3 = {isa = PBXFileSystemSynchronizedRootGroup; exceptions = (); explicitFileTypes = {}; explicitFolders = (); path = PetLingoKids; sourceTree = "<group>";};
P1 = {isa = PBXFileReference; explicitFileType = wrapper.application; includeInIndex = 0; path = PetLingoKids.app; sourceTree = BUILT_PRODUCTS_DIR;};
T1 = {isa = PBXNativeTarget; buildConfigurationList = C2; buildPhases = (S1,R1,F1); buildRules = (); dependencies = (); fileSystemSynchronizedGroups = (G3); name = PetLingoKids; packageProductDependencies = (); productName = PetLingoKids; productReference = P1; productType = "com.apple.product-type.application";};
S1 = {isa = PBXSourcesBuildPhase; buildActionMask = 2147483647; files = (); runOnlyForDeploymentPostprocessing = 0;};
R1 = {isa = PBXResourcesBuildPhase; buildActionMask = 2147483647; files = (); runOnlyForDeploymentPostprocessing = 0;};
F1 = {isa = PBXFrameworksBuildPhase; buildActionMask = 2147483647; files = (); runOnlyForDeploymentPostprocessing = 0;};
C1 = {isa = XCConfigurationList; buildConfigurations = (D1,RD1); defaultConfigurationIsVisible = 0; defaultConfigurationName = Release;};
C2 = {isa = XCConfigurationList; buildConfigurations = (D2,RD2); defaultConfigurationIsVisible = 0; defaultConfigurationName = Release;};
D1 = {isa = XCBuildConfiguration; buildSettings = {ALWAYS_SEARCH_USER_PATHS = NO; CLANG_ENABLE_MODULES = YES; IPHONEOS_DEPLOYMENT_TARGET = 17.0; SDKROOT = iphoneos; SWIFT_VERSION = 5.0;}; name = Debug;};
RD1 = {isa = XCBuildConfiguration; buildSettings = {ALWAYS_SEARCH_USER_PATHS = NO; CLANG_ENABLE_MODULES = YES; IPHONEOS_DEPLOYMENT_TARGET = 17.0; SDKROOT = iphoneos; SWIFT_VERSION = 5.0;}; name = Release;};
D2 = {isa = XCBuildConfiguration; buildSettings = {ASSETCATALOG_COMPILER_APPICON_NAME = AppIcon; CODE_SIGN_STYLE = Automatic; CURRENT_PROJECT_VERSION = 1; DEVELOPMENT_TEAM = ""; GENERATE_INFOPLIST_FILE = NO; INFOPLIST_FILE = PetLingoKids/Info.plist; IPHONEOS_DEPLOYMENT_TARGET = 17.0; MARKETING_VERSION = 1.0; PRODUCT_BUNDLE_IDENTIFIER = com.petlingo.kids.ios; PRODUCT_NAME = "$(TARGET_NAME)"; SUPPORTED_PLATFORMS = "iphoneos iphonesimulator"; SUPPORTS_MACCATALYST = NO; SWIFT_EMIT_LOC_STRINGS = YES; SWIFT_VERSION = 5.0; TARGETED_DEVICE_FAMILY = "1,2";}; name = Debug;};
RD2 = {isa = XCBuildConfiguration; buildSettings = {ASSETCATALOG_COMPILER_APPICON_NAME = AppIcon; CODE_SIGN_STYLE = Automatic; CURRENT_PROJECT_VERSION = 1; DEVELOPMENT_TEAM = ""; GENERATE_INFOPLIST_FILE = NO; INFOPLIST_FILE = PetLingoKids/Info.plist; IPHONEOS_DEPLOYMENT_TARGET = 17.0; MARKETING_VERSION = 1.0; PRODUCT_BUNDLE_IDENTIFIER = com.petlingo.kids.ios; PRODUCT_NAME = "$(TARGET_NAME)"; SUPPORTED_PLATFORMS = "iphoneos iphonesimulator"; SUPPORTS_MACCATALYST = NO; SWIFT_COMPILATION_MODE = wholemodule; SWIFT_VERSION = 5.0; TARGETED_DEVICE_FAMILY = "1,2";}; name = Release;};
}; rootObject = A1; }
